
Microsoft Visual Studio Solution File, Format Version 12.00
Project("{FAE04EC0-301F-11D3-BF4B-00C04F79EFBC}") = "Core", "Core\Core.csproj", "{B76A2FF8-ACAE-4569-B209-0D5FA279C545}"
EndProject
Project("{FAE04EC0-301F-11D3-BF4B-00C04F79EFBC}") = "ExampleApp", "ExampleApp\ExampleApp.csproj", "{3F4EDDFA-C98D-4730-AD42-975ECCA5574A}"
EndProject
Project("{FAE04EC0-301F-11D3-BF4B-00C04F79EFBC}") = "Tests", "Tests\Tests.csproj", "{1959E83D-D7CB-4D70-9AE1-1607A8C48F04}"
EndProject
Global
	GlobalSection(SolutionConfigurationPlatforms) = preSolution
		Debug|Any CPU = Debug|Any CPU
		Release|Any CPU = Release|Any CPU
	EndGlobalSection
	GlobalSection(ProjectConfigurationPlatforms) = postSolution
		{B76A2FF8-ACAE-4569-B209-0D5FA279C545}.Debug|Any CPU.ActiveCfg = Debug|Any CPU
		{B76A2FF8-ACAE-4569-B209-0D5FA279C545}.Debug|Any CPU.Build.0 = Debug|Any CPU
		{B76A2FF8-ACAE-4569-B209-0D5FA279C545}.Release|Any CPU.ActiveCfg = Release|Any CPU
		{B76A2FF8-ACAE-4569-B209-0D5FA279C545}.Release|Any CPU.Build.0 = Release|Any CPU
		{3F4EDDFA-C98D-4730-AD42-975ECCA5574A}.Debug|Any CPU.ActiveCfg = Debug|Any CPU
		{3F4EDDFA-C98D-4730-AD42-975ECCA5574A}.Debug|Any CPU.Build.0 = Debug|Any CPU
		{3F4EDDFA-C98D-4730-AD42-975ECCA5574A}.Release|Any CPU.ActiveCfg = Release|Any CPU
		{3F4EDDFA-C98D-4730-AD42-975ECCA5574A}.Release|Any CPU.Build.0 = Release|Any CPU
		{1959E83D-D7CB-4D70-9AE1-1607A8C48F04}.Debug|Any CPU.ActiveCfg = Debug|Any CPU
		{1959E83D-D7CB-4D70-9AE1-1607A8C48F04}.Debug|Any CPU.Build.0 = Debug|Any CPU
		{1959E83D-D7CB-4D70-9AE1-1607A8C48F04}.Release|Any CPU.ActiveCfg = Release|Any CPU
		{1959E83D-D7CB-4D70-9AE1-1607A8C48F04}.Release|Any CPU.Build.0 = Release|Any CPU
	EndGlobalSection
EndGlobal
